
Microsoft Visual Studio Solution File, Format Version 12.00
# Visual Studio Version 17
VisualStudioVersion = 17.0.32112.339
MinimumVisualStudioVersion = 10.0.40219.1
Project("{FAE04EC0-301F-11D3-BF4B-00C04F79EFBC}") = "CheckingProxy", "CheckingProxy\CheckingProxy.csproj", "{CAE940DD-AE3C-4A02-A151-107E5FD855D6}"
EndProject
Global
	GlobalSection(SolutionConfigurationPlatforms) = preSolution
		Debug|Any CPU = Debug|Any CPU
		Release|Any CPU = Release|Any CPU
	EndGlobalSection
	GlobalSection(ProjectConfigurationPlatforms) = postSolution
		{CAE940DD-AE3C-4A02-A151-107E5FD855D6}.Debug|Any CPU.ActiveCfg = Debug|Any CPU
		{CAE940DD-AE3C-4A02-A151-107E5FD855D6}.Debug|Any CPU.Build.0 = Debug|Any CPU
		{CAE940DD-AE3C-4A02-A151-107E5FD855D6}.Release|Any CPU.ActiveCfg = Release|Any CPU
		{CAE940DD-AE3C-4A02-A151-107E5FD855D6}.Release|Any CPU.Build.0 = Release|Any CPU
	EndGlobalSection
	GlobalSection(SolutionProperties) = preSolution
		HideSolutionNode = FALSE
	EndGlobalSection
	GlobalSection(ExtensibilityGlobals) = postSolution
		SolutionGuid = {29050D38-DE06-4639-AC3A-18F9CEA97CBB}
	EndGlobalSection
EndGlobal
